
Microsoft Visual Studio Solution File, Format Version 12.00
# Visual Studio Version 17
VisualStudioVersion = 17.10.34928.147
MinimumVisualStudioVersion = 10.0.40219.1
Project("{FAE04EC0-301F-11D3-BF4B-00C04F79EFBC}") = "circleArea1", "circleArea1\circleArea1.csproj", "{EC037FE4-7DFC-47E9-8D23-D3633CDD5979}"
EndProject
Global
	GlobalSection(SolutionConfigurationPlatforms) = preSolution
		Debug|Any CPU = Debug|Any CPU
		Release|Any CPU = Release|Any CPU
	EndGlobalSection
	GlobalSection(ProjectConfigurationPlatforms) = postSolution
		{EC037FE4-7DFC-47E9-8D23-D3633CDD5979}.Debug|Any CPU.ActiveCfg = Debug|Any CPU
		{EC037FE4-7DFC-47E9-8D23-D3633CDD5979}.Debug|Any CPU.Build.0 = Debug|Any CPU
		{EC037FE4-7DFC-47E9-8D23-D3633CDD5979}.Release|Any CPU.ActiveCfg = Release|Any CPU
		{EC037FE4-7DFC-47E9-8D23-D3633CDD5979}.Release|Any CPU.Build.0 = Release|Any CPU
	EndGlobalSection
	GlobalSection(SolutionProperties) = preSolution
		HideSolutionNode = FALSE
	EndGlobalSection
	GlobalSection(ExtensibilityGlobals) = postSolution
		SolutionGuid = {EF84F455-5B33-404A-A1CB-E09507B0671F}
	EndGlobalSection
EndGlobal
